
Microsoft Visual Studio Solution File, Format Version 12.00
# Visual Studio Version 16
VisualStudioVersion = 16.0.29905.134
MinimumVisualStudioVersion = 10.0.40219.1
Project("{8BC9CEB8-8B4A-11D0-8D11-00A0C91BC942}") = "TankSFML", "TankSFML\TankSFML.vcxproj", "{BA039494-24B7-40D1-95E4-CE4FC5246CB7}"
EndProject
Global
	GlobalSection(SolutionConfigurationPlatforms) = preSolution
		Debug|x64 = Debug|x64
		Debug|x86 = Debug|x86
		Release|x64 = Release|x64
		Release|x86 = Release|x86
	EndGlobalSection
	GlobalSection(ProjectConfigurationPlatforms) = postSolution
		{BA039494-24B7-40D1-95E4-CE4FC5246CB7}.Debug|x64.ActiveCfg = Debug|x64
		{BA039494-24B7-40D1-95E4-CE4FC5246CB7}.Debug|x64.Build.0 = Debug|x64
		{BA039494-24B7-40D1-95E4-CE4FC5246CB7}.Debug|x86.ActiveCfg = Debug|Win32
		{BA039494-24B7-40D1-95E4-CE4FC5246CB7}.Debug|x86.Build.0 = Debug|Win32
		{BA039494-24B7-40D1-95E4-CE4FC5246CB7}.Release|x64.ActiveCfg = Release|x64
		{BA039494-24B7-40D1-95E4-CE4FC5246CB7}.Release|x64.Build.0 = Release|x64
		{BA039494-24B7-40D1-95E4-CE4FC5246CB7}.Release|x86.ActiveCfg = Release|Win32
		{BA039494-24B7-40D1-95E4-CE4FC5246CB7}.Release|x86.Build.0 = Release|Win32
	EndGlobalSection
	GlobalSection(SolutionProperties) = preSolution
		HideSolutionNode = FALSE
	EndGlobalSection
	GlobalSection(ExtensibilityGlobals) = postSolution
		SolutionGuid = {760DC6D9-60F4-47A3-BA74-51B710EBBD8F}
	EndGlobalSection
EndGlobal
